
Microsoft Visual Studio Solution File, Format Version 12.00
# Visual Studio Version 17
VisualStudioVersion = 17.1.32407.343
MinimumVisualStudioVersion = 10.0.40219.1
Project("{2150E333-8FDC-42A3-9474-1A3956D46DE8}") = "Services", "Services", "{4D75CB4A-C64F-4142-8673-561ED6A81BEF}"
EndProject
Project("{2150E333-8FDC-42A3-9474-1A3956D46DE8}") = "Catalog", "Catalog", "{6EAA59E4-FE24-4207-849E-39B3AB31EF41}"
EndProject
Project("{9A19103F-16F7-4668-BE54-9A1E7A4F7556}") = "Catalog.API", "Services\Catalog\Catalog.API\Catalog.API.csproj", "{75EF9718-A75D-4D34-B59B-8D68D5E12B20}"
EndProject
Project("{2150E333-8FDC-42A3-9474-1A3956D46DE8}") = "src", "src", "{926901AB-12C7-44F0-9C26-228B839C57EC}"
EndProject
Project("{E53339B2-1760-4266-BCC7-CA923CBCF16C}") = "docker-compose", "docker-compose.dcproj", "{78D10E57-DFF0-4A86-90B0-15BBCCAFB80F}"
EndProject
Project("{2150E333-8FDC-42A3-9474-1A3956D46DE8}") = "Basket", "Basket", "{2F73CD19-F722-428A-9937-AF02C6B72066}"
EndProject
Project("{9A19103F-16F7-4668-BE54-9A1E7A4F7556}") = "Basket.API", "Services\Basket\Basket.API\Basket.API.csproj", "{7CEBCED8-2EFE-48ED-B36B-19293FDD998F}"
EndProject
Project("{2150E333-8FDC-42A3-9474-1A3956D46DE8}") = "Discount", "Discount", "{18395B55-4BAC-4480-9AAF-79642BA4F563}"
EndProject
Project("{FAE04EC0-301F-11D3-BF4B-00C04F79EFBC}") = "Discount.API", "Services\Discount\Discount.API\Discount.API.csproj", "{BB1C4E98-FC3C-441C-959D-71B219031A26}"
EndProject
Global
	GlobalSection(SolutionConfigurationPlatforms) = preSolution
		Debug|Any CPU = Debug|Any CPU
		Release|Any CPU = Release|Any CPU
	EndGlobalSection
	GlobalSection(ProjectConfigurationPlatforms) = postSolution
		{75EF9718-A75D-4D34-B59B-8D68D5E12B20}.Debug|Any CPU.ActiveCfg = Debug|Any CPU
		{75EF9718-A75D-4D34-B59B-8D68D5E12B20}.Debug|Any CPU.Build.0 = Debug|Any CPU
		{75EF9718-A75D-4D34-B59B-8D68D5E12B20}.Release|Any CPU.ActiveCfg = Release|Any CPU
		{75EF9718-A75D-4D34-B59B-8D68D5E12B20}.Release|Any CPU.Build.0 = Release|Any CPU
		{78D10E57-DFF0-4A86-90B0-15BBCCAFB80F}.Debug|Any CPU.ActiveCfg = Debug|Any CPU
		{78D10E57-DFF0-4A86-90B0-15BBCCAFB80F}.Debug|Any CPU.Build.0 = Debug|Any CPU
		{78D10E57-DFF0-4A86-90B0-15BBCCAFB80F}.Release|Any CPU.ActiveCfg = Release|Any CPU
		{78D10E57-DFF0-4A86-90B0-15BBCCAFB80F}.Release|Any CPU.Build.0 = Release|Any CPU
		{7CEBCED8-2EFE-48ED-B36B-19293FDD998F}.Debug|Any CPU.ActiveCfg = Debug|Any CPU
		{7CEBCED8-2EFE-48ED-B36B-19293FDD998F}.Debug|Any CPU.Build.0 = Debug|Any CPU
		{7CEBCED8-2EFE-48ED-B36B-19293FDD998F}.Release|Any CPU.ActiveCfg = Release|Any CPU
		{7CEBCED8-2EFE-48ED-B36B-19293FDD998F}.Release|Any CPU.Build.0 = Release|Any CPU
		{BB1C4E98-FC3C-441C-959D-71B219031A26}.Debug|Any CPU.ActiveCfg = Debug|Any CPU
		{BB1C4E98-FC3C-441C-959D-71B219031A26}.Debug|Any CPU.Build.0 = Debug|Any CPU
		{BB1C4E98-FC3C-441C-959D-71B219031A26}.Release|Any CPU.ActiveCfg = Release|Any CPU
		{BB1C4E98-FC3C-441C-959D-71B219031A26}.Release|Any CPU.Build.0 = Release|Any CPU
	EndGlobalSection
	GlobalSection(SolutionProperties) = preSolution
		HideSolutionNode = FALSE
	EndGlobalSection
	GlobalSection(NestedProjects) = preSolution
		{4D75CB4A-C64F-4142-8673-561ED6A81BEF} = {926901AB-12C7-44F0-9C26-228B839C57EC}
		{6EAA59E4-FE24-4207-849E-39B3AB31EF41} = {4D75CB4A-C64F-4142-8673-561ED6A81BEF}
		{75EF9718-A75D-4D34-B59B-8D68D5E12B20} = {6EAA59E4-FE24-4207-849E-39B3AB31EF41}
		{2F73CD19-F722-428A-9937-AF02C6B72066} = {4D75CB4A-C64F-4142-8673-561ED6A81BEF}
		{7CEBCED8-2EFE-48ED-B36B-19293FDD998F} = {2F73CD19-F722-428A-9937-AF02C6B72066}
		{18395B55-4BAC-4480-9AAF-79642BA4F563} = {4D75CB4A-C64F-4142-8673-561ED6A81BEF}
		{BB1C4E98-FC3C-441C-959D-71B219031A26} = {18395B55-4BAC-4480-9AAF-79642BA4F563}
	EndGlobalSection
	GlobalSection(ExtensibilityGlobals) = postSolution
		SolutionGuid = {9111243C-EE04-46EA-9487-C7260C8C381E}
	EndGlobalSection
EndGlobal
