
Microsoft Visual Studio Solution File, Format Version 12.00
# Visual Studio Version 17
VisualStudioVersion = 17.1.32407.343
MinimumVisualStudioVersion = 10.0.40219.1
Project("{2150E333-8FDC-42A3-9474-1A3956D46DE8}") = "Services", "Services", "{4D75CB4A-C64F-4142-8673-561ED6A81BEF}"
EndProject
Project("{2150E333-8FDC-42A3-9474-1A3956D46DE8}") = "Catalog", "Catalog", "{6EAA59E4-FE24-4207-849E-39B3AB31EF41}"
EndProject
Project("{9A19103F-16F7-4668-BE54-9A1E7A4F7556}") = "Catalog.API", "Services\Catalog\Catalog.API\Catalog.API.csproj", "{75EF9718-A75D-4D34-B59B-8D68D5E12B20}"
EndProject
Project("{2150E333-8FDC-42A3-9474-1A3956D46DE8}") = "src", "src", "{926901AB-12C7-44F0-9C26-228B839C57EC}"
EndProject
Project("{E53339B2-1760-4266-BCC7-CA923CBCF16C}") = "docker-compose", "docker-compose.dcproj", "{78D10E57-DFF0-4A86-90B0-15BBCCAFB80F}"
EndProject
Project("{2150E333-8FDC-42A3-9474-1A3956D46DE8}") = "Basket", "Basket", "{2F73CD19-F722-428A-9937-AF02C6B72066}"
EndProject
Project("{9A19103F-16F7-4668-BE54-9A1E7A4F7556}") = "Basket.API", "Services\Basket\Basket.API\Basket.API.csproj", "{7CEBCED8-2EFE-48ED-B36B-19293FDD998F}"
EndProject
Project("{2150E333-8FDC-42A3-9474-1A3956D46DE8}") = "Discount", "Discount", "{18395B55-4BAC-4480-9AAF-79642BA4F563}"
EndProject
Project("{9A19103F-16F7-4668-BE54-9A1E7A4F7556}") = "Discount.API", "Services\Discount\Discount.API\Discount.API.csproj", "{BB1C4E98-FC3C-441C-959D-71B219031A26}"
EndProject
Project("{9A19103F-16F7-4668-BE54-9A1E7A4F7556}") = "Discount.Grpc", "Services\Discount\Discount.Grpc\Discount.Grpc.csproj", "{46C042D8-6ECA-427F-B42C-9491213FD1A6}"
EndProject
Project("{2150E333-8FDC-42A3-9474-1A3956D46DE8}") = "Order", "Order", "{2661D6B5-844E-4954-91A9-2899AD5DA69F}"
EndProject
Project("{9A19103F-16F7-4668-BE54-9A1E7A4F7556}") = "Order.API", "Services\Order\Order.API\Order.API.csproj", "{D18AD490-48E4-4837-B33B-E39744D80F4E}"
EndProject
Project("{9A19103F-16F7-4668-BE54-9A1E7A4F7556}") = "Order.Domain", "Services\Order\Order.Domain\Order.Domain.csproj", "{F7645705-AD13-487A-9DE5-A788FF2C5AB6}"
EndProject
Project("{9A19103F-16F7-4668-BE54-9A1E7A4F7556}") = "Order.Application", "Services\Order\Order.Application\Order.Application.csproj", "{F32FD6FC-0D67-436B-B03F-DFEEE8846CE2}"
EndProject
Project("{9A19103F-16F7-4668-BE54-9A1E7A4F7556}") = "Order.Infrastructure", "Services\Order\Order.Infrastructure\Order.Infrastructure.csproj", "{08A3D85D-2509-49E4-A8CD-903E91AAF5BA}"
EndProject
Project("{2150E333-8FDC-42A3-9474-1A3956D46DE8}") = "Core", "Core", "{398B0027-7EF9-4596-A92E-EDF362AA5D11}"
EndProject
Project("{9A19103F-16F7-4668-BE54-9A1E7A4F7556}") = "Core.Messages", "Core\Core.Messages\Core.Messages.csproj", "{D7413E81-3A65-418C-B4D2-C1A8B63F6A63}"
EndProject
Project("{2150E333-8FDC-42A3-9474-1A3956D46DE8}") = "Gateways", "Gateways", "{02B25A19-1F10-4CC5-A7C6-27DDD7D43BEC}"
EndProject
Project("{9A19103F-16F7-4668-BE54-9A1E7A4F7556}") = "APIGateway", "Gateways\APIGateway\APIGateway.csproj", "{65545074-0A10-4B3D-BAE1-444F3E066934}"
EndProject
Project("{FAE04EC0-301F-11D3-BF4B-00C04F79EFBC}") = "Shopping.Aggregator", "Gateways\Shopping.Aggregator\Shopping.Aggregator.csproj", "{6428910C-D566-4F78-9AB4-363626298824}"
EndProject
Global
	GlobalSection(SolutionConfigurationPlatforms) = preSolution
		Debug|Any CPU = Debug|Any CPU
		Release|Any CPU = Release|Any CPU
	EndGlobalSection
	GlobalSection(ProjectConfigurationPlatforms) = postSolution
		{75EF9718-A75D-4D34-B59B-8D68D5E12B20}.Debug|Any CPU.ActiveCfg = Debug|Any CPU
		{75EF9718-A75D-4D34-B59B-8D68D5E12B20}.Debug|Any CPU.Build.0 = Debug|Any CPU
		{75EF9718-A75D-4D34-B59B-8D68D5E12B20}.Release|Any CPU.ActiveCfg = Release|Any CPU
		{75EF9718-A75D-4D34-B59B-8D68D5E12B20}.Release|Any CPU.Build.0 = Release|Any CPU
		{78D10E57-DFF0-4A86-90B0-15BBCCAFB80F}.Debug|Any CPU.ActiveCfg = Debug|Any CPU
		{78D10E57-DFF0-4A86-90B0-15BBCCAFB80F}.Debug|Any CPU.Build.0 = Debug|Any CPU
		{78D10E57-DFF0-4A86-90B0-15BBCCAFB80F}.Release|Any CPU.ActiveCfg = Release|Any CPU
		{78D10E57-DFF0-4A86-90B0-15BBCCAFB80F}.Release|Any CPU.Build.0 = Release|Any CPU
		{7CEBCED8-2EFE-48ED-B36B-19293FDD998F}.Debug|Any CPU.ActiveCfg = Debug|Any CPU
		{7CEBCED8-2EFE-48ED-B36B-19293FDD998F}.Debug|Any CPU.Build.0 = Debug|Any CPU
		{7CEBCED8-2EFE-48ED-B36B-19293FDD998F}.Release|Any CPU.ActiveCfg = Release|Any CPU
		{7CEBCED8-2EFE-48ED-B36B-19293FDD998F}.Release|Any CPU.Build.0 = Release|Any CPU
		{BB1C4E98-FC3C-441C-959D-71B219031A26}.Debug|Any CPU.ActiveCfg = Debug|Any CPU
		{BB1C4E98-FC3C-441C-959D-71B219031A26}.Debug|Any CPU.Build.0 = Debug|Any CPU
		{BB1C4E98-FC3C-441C-959D-71B219031A26}.Release|Any CPU.ActiveCfg = Release|Any CPU
		{BB1C4E98-FC3C-441C-959D-71B219031A26}.Release|Any CPU.Build.0 = Release|Any CPU
		{46C042D8-6ECA-427F-B42C-9491213FD1A6}.Debug|Any CPU.ActiveCfg = Debug|Any CPU
		{46C042D8-6ECA-427F-B42C-9491213FD1A6}.Debug|Any CPU.Build.0 = Debug|Any CPU
		{46C042D8-6ECA-427F-B42C-9491213FD1A6}.Release|Any CPU.ActiveCfg = Release|Any CPU
		{46C042D8-6ECA-427F-B42C-9491213FD1A6}.Release|Any CPU.Build.0 = Release|Any CPU
		{D18AD490-48E4-4837-B33B-E39744D80F4E}.Debug|Any CPU.ActiveCfg = Debug|Any CPU
		{D18AD490-48E4-4837-B33B-E39744D80F4E}.Debug|Any CPU.Build.0 = Debug|Any CPU
		{D18AD490-48E4-4837-B33B-E39744D80F4E}.Release|Any CPU.ActiveCfg = Release|Any CPU
		{D18AD490-48E4-4837-B33B-E39744D80F4E}.Release|Any CPU.Build.0 = Release|Any CPU
		{F7645705-AD13-487A-9DE5-A788FF2C5AB6}.Debug|Any CPU.ActiveCfg = Debug|Any CPU
		{F7645705-AD13-487A-9DE5-A788FF2C5AB6}.Debug|Any CPU.Build.0 = Debug|Any CPU
		{F7645705-AD13-487A-9DE5-A788FF2C5AB6}.Release|Any CPU.ActiveCfg = Release|Any CPU
		{F7645705-AD13-487A-9DE5-A788FF2C5AB6}.Release|Any CPU.Build.0 = Release|Any CPU
		{F32FD6FC-0D67-436B-B03F-DFEEE8846CE2}.Debug|Any CPU.ActiveCfg = Debug|Any CPU
		{F32FD6FC-0D67-436B-B03F-DFEEE8846CE2}.Debug|Any CPU.Build.0 = Debug|Any CPU
		{F32FD6FC-0D67-436B-B03F-DFEEE8846CE2}.Release|Any CPU.ActiveCfg = Release|Any CPU
		{F32FD6FC-0D67-436B-B03F-DFEEE8846CE2}.Release|Any CPU.Build.0 = Release|Any CPU
		{08A3D85D-2509-49E4-A8CD-903E91AAF5BA}.Debug|Any CPU.ActiveCfg = Debug|Any CPU
		{08A3D85D-2509-49E4-A8CD-903E91AAF5BA}.Debug|Any CPU.Build.0 = Debug|Any CPU
		{08A3D85D-2509-49E4-A8CD-903E91AAF5BA}.Release|Any CPU.ActiveCfg = Release|Any CPU
		{08A3D85D-2509-49E4-A8CD-903E91AAF5BA}.Release|Any CPU.Build.0 = Release|Any CPU
		{D7413E81-3A65-418C-B4D2-C1A8B63F6A63}.Debug|Any CPU.ActiveCfg = Debug|Any CPU
		{D7413E81-3A65-418C-B4D2-C1A8B63F6A63}.Debug|Any CPU.Build.0 = Debug|Any CPU
		{D7413E81-3A65-418C-B4D2-C1A8B63F6A63}.Release|Any CPU.ActiveCfg = Release|Any CPU
		{D7413E81-3A65-418C-B4D2-C1A8B63F6A63}.Release|Any CPU.Build.0 = Release|Any CPU
		{65545074-0A10-4B3D-BAE1-444F3E066934}.Debug|Any CPU.ActiveCfg = Debug|Any CPU
		{65545074-0A10-4B3D-BAE1-444F3E066934}.Debug|Any CPU.Build.0 = Debug|Any CPU
		{65545074-0A10-4B3D-BAE1-444F3E066934}.Release|Any CPU.ActiveCfg = Release|Any CPU
		{65545074-0A10-4B3D-BAE1-444F3E066934}.Release|Any CPU.Build.0 = Release|Any CPU
		{6428910C-D566-4F78-9AB4-363626298824}.Debug|Any CPU.ActiveCfg = Debug|Any CPU
		{6428910C-D566-4F78-9AB4-363626298824}.Debug|Any CPU.Build.0 = Debug|Any CPU
		{6428910C-D566-4F78-9AB4-363626298824}.Release|Any CPU.ActiveCfg = Release|Any CPU
		{6428910C-D566-4F78-9AB4-363626298824}.Release|Any CPU.Build.0 = Release|Any CPU
	EndGlobalSection
	GlobalSection(SolutionProperties) = preSolution
		HideSolutionNode = FALSE
	EndGlobalSection
	GlobalSection(NestedProjects) = preSolution
		{4D75CB4A-C64F-4142-8673-561ED6A81BEF} = {926901AB-12C7-44F0-9C26-228B839C57EC}
		{6EAA59E4-FE24-4207-849E-39B3AB31EF41} = {4D75CB4A-C64F-4142-8673-561ED6A81BEF}
		{75EF9718-A75D-4D34-B59B-8D68D5E12B20} = {6EAA59E4-FE24-4207-849E-39B3AB31EF41}
		{2F73CD19-F722-428A-9937-AF02C6B72066} = {4D75CB4A-C64F-4142-8673-561ED6A81BEF}
		{7CEBCED8-2EFE-48ED-B36B-19293FDD998F} = {2F73CD19-F722-428A-9937-AF02C6B72066}
		{18395B55-4BAC-4480-9AAF-79642BA4F563} = {4D75CB4A-C64F-4142-8673-561ED6A81BEF}
		{BB1C4E98-FC3C-441C-959D-71B219031A26} = {18395B55-4BAC-4480-9AAF-79642BA4F563}
		{46C042D8-6ECA-427F-B42C-9491213FD1A6} = {18395B55-4BAC-4480-9AAF-79642BA4F563}
		{2661D6B5-844E-4954-91A9-2899AD5DA69F} = {4D75CB4A-C64F-4142-8673-561ED6A81BEF}
		{D18AD490-48E4-4837-B33B-E39744D80F4E} = {2661D6B5-844E-4954-91A9-2899AD5DA69F}
		{F7645705-AD13-487A-9DE5-A788FF2C5AB6} = {2661D6B5-844E-4954-91A9-2899AD5DA69F}
		{F32FD6FC-0D67-436B-B03F-DFEEE8846CE2} = {2661D6B5-844E-4954-91A9-2899AD5DA69F}
		{08A3D85D-2509-49E4-A8CD-903E91AAF5BA} = {2661D6B5-844E-4954-91A9-2899AD5DA69F}
		{398B0027-7EF9-4596-A92E-EDF362AA5D11} = {926901AB-12C7-44F0-9C26-228B839C57EC}
		{D7413E81-3A65-418C-B4D2-C1A8B63F6A63} = {398B0027-7EF9-4596-A92E-EDF362AA5D11}
		{02B25A19-1F10-4CC5-A7C6-27DDD7D43BEC} = {926901AB-12C7-44F0-9C26-228B839C57EC}
		{65545074-0A10-4B3D-BAE1-444F3E066934} = {02B25A19-1F10-4CC5-A7C6-27DDD7D43BEC}
		{6428910C-D566-4F78-9AB4-363626298824} = {02B25A19-1F10-4CC5-A7C6-27DDD7D43BEC}
	EndGlobalSection
	GlobalSection(ExtensibilityGlobals) = postSolution
		SolutionGuid = {9111243C-EE04-46EA-9487-C7260C8C381E}
	EndGlobalSection
EndGlobal
